
Microsoft Visual Studio Solution File, Format Version 12.00
# Visual Studio Version 17
VisualStudioVersion = 17.0.31903.59
MinimumVisualStudioVersion = 10.0.40219.1
Project("{2150E333-8FDC-42A3-9474-1A3956D46DE8}") = "src", "src", "{DEDA1B70-7F27-4DD2-9845-7D2CB4C33738}"
EndProject
Project("{9A19103F-16F7-4668-BE54-9A1E7A4F7556}") = "API", "src\API\API.csproj", "{618A2773-0BC9-416A-B01D-90FFBFC13E1D}"
EndProject
Project("{9A19103F-16F7-4668-BE54-9A1E7A4F7556}") = "Shared", "src\Shared\Shared.csproj", "{623BE945-09CF-435D-8C09-5CD82E80CDD8}"
EndProject
Project("{9A19103F-16F7-4668-BE54-9A1E7A4F7556}") = "TunnelGen.Generators", "src\TunnelGen.Generators\TunnelGen.Generators.csproj", "{8DC54045-F3A4-4D54-913C-140123D9F09C}"
EndProject
Project("{9A19103F-16F7-4668-BE54-9A1E7A4F7556}") = "UI", "src\UI\UI.csproj", "{B78151D6-511B-4AC9-BCD5-BD2C02BB0426}"
EndProject
Project("{9A19103F-16F7-4668-BE54-9A1E7A4F7556}") = "TunnelGen.Attributes", "src\TunnelGen.Attributes\TunnelGen.Attributes.csproj", "{B32340EF-8D01-4A85-BC45-EC484C6DBFE1}"
EndProject
Project("{9A19103F-16F7-4668-BE54-9A1E7A4F7556}") = "TunnelGen.Extensions", "src\TunnelGen.Extensions\TunnelGen.Extensions.csproj", "{92F79F85-0F41-4269-B913-731325AB33CB}"
EndProject
Project("{9A19103F-16F7-4668-BE54-9A1E7A4F7556}") = "TunnelGen.Tasks", "src\TunnelGen.Tasks\TunnelGen.Tasks.csproj", "{274D647A-92D7-4085-8A47-1A5D4F27E413}"
EndProject
Project("{FAE04EC0-301F-11D3-BF4B-00C04F79EFBC}") = "TunnelGen.Meta", "src\TunnelGen.Meta\TunnelGen.Meta.csproj", "{E1C95F2C-8020-449C-AA1A-69463D1B135D}"
EndProject
Global
	GlobalSection(SolutionConfigurationPlatforms) = preSolution
		Debug|Any CPU = Debug|Any CPU
		Release|Any CPU = Release|Any CPU
	EndGlobalSection
	GlobalSection(ProjectConfigurationPlatforms) = postSolution
		{618A2773-0BC9-416A-B01D-90FFBFC13E1D}.Debug|Any CPU.ActiveCfg = Debug|Any CPU
		{618A2773-0BC9-416A-B01D-90FFBFC13E1D}.Debug|Any CPU.Build.0 = Debug|Any CPU
		{618A2773-0BC9-416A-B01D-90FFBFC13E1D}.Release|Any CPU.ActiveCfg = Release|Any CPU
		{618A2773-0BC9-416A-B01D-90FFBFC13E1D}.Release|Any CPU.Build.0 = Release|Any CPU
		{623BE945-09CF-435D-8C09-5CD82E80CDD8}.Debug|Any CPU.ActiveCfg = Debug|Any CPU
		{623BE945-09CF-435D-8C09-5CD82E80CDD8}.Debug|Any CPU.Build.0 = Debug|Any CPU
		{623BE945-09CF-435D-8C09-5CD82E80CDD8}.Release|Any CPU.ActiveCfg = Release|Any CPU
		{623BE945-09CF-435D-8C09-5CD82E80CDD8}.Release|Any CPU.Build.0 = Release|Any CPU
		{8DC54045-F3A4-4D54-913C-140123D9F09C}.Debug|Any CPU.ActiveCfg = Debug|Any CPU
		{8DC54045-F3A4-4D54-913C-140123D9F09C}.Debug|Any CPU.Build.0 = Debug|Any CPU
		{8DC54045-F3A4-4D54-913C-140123D9F09C}.Release|Any CPU.ActiveCfg = Release|Any CPU
		{8DC54045-F3A4-4D54-913C-140123D9F09C}.Release|Any CPU.Build.0 = Release|Any CPU
		{B78151D6-511B-4AC9-BCD5-BD2C02BB0426}.Debug|Any CPU.ActiveCfg = Debug|Any CPU
		{B78151D6-511B-4AC9-BCD5-BD2C02BB0426}.Debug|Any CPU.Build.0 = Debug|Any CPU
		{B78151D6-511B-4AC9-BCD5-BD2C02BB0426}.Release|Any CPU.ActiveCfg = Release|Any CPU
		{B78151D6-511B-4AC9-BCD5-BD2C02BB0426}.Release|Any CPU.Build.0 = Release|Any CPU
		{B32340EF-8D01-4A85-BC45-EC484C6DBFE1}.Debug|Any CPU.ActiveCfg = Debug|Any CPU
		{B32340EF-8D01-4A85-BC45-EC484C6DBFE1}.Debug|Any CPU.Build.0 = Debug|Any CPU
		{B32340EF-8D01-4A85-BC45-EC484C6DBFE1}.Release|Any CPU.ActiveCfg = Release|Any CPU
		{B32340EF-8D01-4A85-BC45-EC484C6DBFE1}.Release|Any CPU.Build.0 = Release|Any CPU
		{92F79F85-0F41-4269-B913-731325AB33CB}.Debug|Any CPU.ActiveCfg = Debug|Any CPU
		{92F79F85-0F41-4269-B913-731325AB33CB}.Debug|Any CPU.Build.0 = Debug|Any CPU
		{92F79F85-0F41-4269-B913-731325AB33CB}.Release|Any CPU.ActiveCfg = Release|Any CPU
		{92F79F85-0F41-4269-B913-731325AB33CB}.Release|Any CPU.Build.0 = Release|Any CPU
		{274D647A-92D7-4085-8A47-1A5D4F27E413}.Debug|Any CPU.ActiveCfg = Debug|Any CPU
		{274D647A-92D7-4085-8A47-1A5D4F27E413}.Debug|Any CPU.Build.0 = Debug|Any CPU
		{274D647A-92D7-4085-8A47-1A5D4F27E413}.Release|Any CPU.ActiveCfg = Release|Any CPU
		{274D647A-92D7-4085-8A47-1A5D4F27E413}.Release|Any CPU.Build.0 = Release|Any CPU
		{E1C95F2C-8020-449C-AA1A-69463D1B135D}.Debug|Any CPU.ActiveCfg = Debug|Any CPU
		{E1C95F2C-8020-449C-AA1A-69463D1B135D}.Debug|Any CPU.Build.0 = Debug|Any CPU
		{E1C95F2C-8020-449C-AA1A-69463D1B135D}.Release|Any CPU.ActiveCfg = Release|Any CPU
		{E1C95F2C-8020-449C-AA1A-69463D1B135D}.Release|Any CPU.Build.0 = Release|Any CPU
	EndGlobalSection
	GlobalSection(SolutionProperties) = preSolution
		HideSolutionNode = FALSE
	EndGlobalSection
	GlobalSection(NestedProjects) = preSolution
		{618A2773-0BC9-416A-B01D-90FFBFC13E1D} = {DEDA1B70-7F27-4DD2-9845-7D2CB4C33738}
		{623BE945-09CF-435D-8C09-5CD82E80CDD8} = {DEDA1B70-7F27-4DD2-9845-7D2CB4C33738}
		{8DC54045-F3A4-4D54-913C-140123D9F09C} = {DEDA1B70-7F27-4DD2-9845-7D2CB4C33738}
		{B78151D6-511B-4AC9-BCD5-BD2C02BB0426} = {DEDA1B70-7F27-4DD2-9845-7D2CB4C33738}
		{B32340EF-8D01-4A85-BC45-EC484C6DBFE1} = {DEDA1B70-7F27-4DD2-9845-7D2CB4C33738}
		{92F79F85-0F41-4269-B913-731325AB33CB} = {DEDA1B70-7F27-4DD2-9845-7D2CB4C33738}
		{274D647A-92D7-4085-8A47-1A5D4F27E413} = {DEDA1B70-7F27-4DD2-9845-7D2CB4C33738}
		{E1C95F2C-8020-449C-AA1A-69463D1B135D} = {DEDA1B70-7F27-4DD2-9845-7D2CB4C33738}
	EndGlobalSection
	GlobalSection(ExtensibilityGlobals) = postSolution
		SolutionGuid = {69DC4CEA-3B8B-4EDA-BD4B-889ED015FCC4}
	EndGlobalSection
EndGlobal
